
Microsoft Visual Studio Solution File, Format Version 12.00
# Visual Studio Version 17
VisualStudioVersion = 17.10.35027.167
MinimumVisualStudioVersion = 10.0.40219.1
Project("{FAE04EC0-301F-11D3-BF4B-00C04F79EFBC}") = "CPW219-eCommerceSite", "CPW219-eCommerceSite\CPW219-eCommerceSite.csproj", "{3AC1665D-03F5-48A9-824C-DD38AB4C2542}"
EndProject
Global
	GlobalSection(SolutionConfigurationPlatforms) = preSolution
		Debug|Any CPU = Debug|Any CPU
		Release|Any CPU = Release|Any CPU
	EndGlobalSection
	GlobalSection(ProjectConfigurationPlatforms) = postSolution
		{3AC1665D-03F5-48A9-824C-DD38AB4C2542}.Debug|Any CPU.ActiveCfg = Debug|Any CPU
		{3AC1665D-03F5-48A9-824C-DD38AB4C2542}.Debug|Any CPU.Build.0 = Debug|Any CPU
		{3AC1665D-03F5-48A9-824C-DD38AB4C2542}.Release|Any CPU.ActiveCfg = Release|Any CPU
		{3AC1665D-03F5-48A9-824C-DD38AB4C2542}.Release|Any CPU.Build.0 = Release|Any CPU
	EndGlobalSection
	GlobalSection(SolutionProperties) = preSolution
		HideSolutionNode = FALSE
	EndGlobalSection
	GlobalSection(ExtensibilityGlobals) = postSolution
		SolutionGuid = {E7424D8D-2861-49B5-BC09-8137F0F2F66C}
	EndGlobalSection
EndGlobal
